{
  "object": {
    "pins": [
      {
        "package": "CCurl",
        "repositoryURL": "https://github.com/IBM-Swift/CCurl.git",
        "state": {
          "branch": null,
          "revision": "f481bd86e58787824cc1c1ec1786e03b67831f38",
          "version": "0.4.1"
        }
      },
      {
        "package": "HeliumLogger",
        "repositoryURL": "https://github.com/IBM-Swift/HeliumLogger",
        "state": {
          "branch": null,
          "revision": "2afeb4c02f5a48a7fbd081fe8607b91eeebd7ecb",
          "version": "1.7.1"
        }
      },
      {
        "package": "Kitura",
        "repositoryURL": "https://github.com/IBM-Swift/Kitura",
        "state": {
          "branch": null,
          "revision": "744a8fbc25a94f598d77662fd71eaa25d789c3fe",
          "version": "2.0.0"
        }
      },
      {
        "package": "Kitura-TemplateEngine",
        "repositoryURL": "https://github.com/IBM-Swift/Kitura-TemplateEngine",
        "state": {
          "branch": null,
          "revision": "8e75a213bf4dd7b5effd03848335e344535969aa",
          "version": "1.7.2"
        }
      },
      {
        "package": "Kitura-net",
        "repositoryURL": "https://github.com/IBM-Swift/Kitura-net.git",
        "state": {
          "branch": null,
          "revision": "96c196ef01533f199642e7d39cff51dd50c05faf",
          "version": "1.7.20"
        }
      },
      {
        "package": "KituraContracts",
        "repositoryURL": "https://github.com/IBM-Swift/KituraContracts.git",
        "state": {
          "branch": null,
          "revision": "60ad79cfffeeb9693f53dd68067783d4fde5dc4d",
          "version": "0.0.14"
        }
      },
      {
        "package": "KituraMarkdown",
        "repositoryURL": "https://github.com/IBM-Swift/Kitura-Markdown",
        "state": {
          "branch": null,
          "revision": "2c6b847f1fc8119de72a36a7af6fd581e0e35991",
          "version": "0.9.1"
        }
      },
      {
        "package": "LoggerAPI",
        "repositoryURL": "https://github.com/IBM-Swift/LoggerAPI.git",
        "state": {
          "branch": null,
          "revision": "6b62fe66da9b8794d6581e5c341710eea3173cd4",
          "version": "1.7.1"
        }
      },
      {
        "package": "Malline",
        "repositoryURL": "https://github.com/OmnijarStudio/malline",
        "state": {
          "branch": null,
          "revision": "2a10467dc98a5abf2a839cc43538f947bc160981",
          "version": "0.1.0"
        }
      },
      {
        "package": "SSLService",
        "repositoryURL": "https://github.com/IBM-Swift/BlueSSLService.git",
        "state": {
          "branch": null,
          "revision": "7adf7cacc447d447df5dcc3058cabd402177c5aa",
          "version": "0.12.64"
        }
      },
      {
        "package": "Socket",
        "repositoryURL": "https://github.com/IBM-Swift/BlueSocket.git",
        "state": {
          "branch": null,
          "revision": "00b126a2c19520bbf51cd26e8c0cc41dacbc5a05",
          "version": "0.12.76"
        }
      }
    ]
  },
  "version": 1
}
